
Microsoft Visual Studio Solution File, Format Version 12.00
# Visual Studio 15
VisualStudioVersion = 15.0.28307.1000
MinimumVisualStudioVersion = 10.0.40219.1
Project("{8BC9CEB8-8B4A-11D0-8D11-00A0C91BC942}") = "열혈Cplusplus", "열혈Cplusplus\열혈Cplusplus.vcxproj", "{32970F69-5FFC-4829-9239-78CC90F38C80}"
EndProject
Global
	GlobalSection(SolutionConfigurationPlatforms) = preSolution
		Debug|x64 = Debug|x64
		Debug|x86 = Debug|x86
		Release|x64 = Release|x64
		Release|x86 = Release|x86
	EndGlobalSection
	GlobalSection(ProjectConfigurationPlatforms) = postSolution
		{32970F69-5FFC-4829-9239-78CC90F38C80}.Debug|x64.ActiveCfg = Debug|x64
		{32970F69-5FFC-4829-9239-78CC90F38C80}.Debug|x64.Build.0 = Debug|x64
		{32970F69-5FFC-4829-9239-78CC90F38C80}.Debug|x86.ActiveCfg = Debug|Win32
		{32970F69-5FFC-4829-9239-78CC90F38C80}.Debug|x86.Build.0 = Debug|Win32
		{32970F69-5FFC-4829-9239-78CC90F38C80}.Release|x64.ActiveCfg = Release|x64
		{32970F69-5FFC-4829-9239-78CC90F38C80}.Release|x64.Build.0 = Release|x64
		{32970F69-5FFC-4829-9239-78CC90F38C80}.Release|x86.ActiveCfg = Release|Win32
		{32970F69-5FFC-4829-9239-78CC90F38C80}.Release|x86.Build.0 = Release|Win32
	EndGlobalSection
	GlobalSection(SolutionProperties) = preSolution
		HideSolutionNode = FALSE
	EndGlobalSection
	GlobalSection(ExtensibilityGlobals) = postSolution
		SolutionGuid = {A0566991-7C5F-4A78-A19B-3D5E31073248}
	EndGlobalSection
EndGlobal
